
Microsoft Visual Studio Solution File, Format Version 12.00
# Visual Studio 15
VisualStudioVersion = 15.0.26228.9
MinimumVisualStudioVersion = 10.0.40219.1
Project("{9A19103F-16F7-4668-BE54-9A1E7A4F7556}") = "Apworks", "src\Apworks\Apworks.csproj", "{9D0B1FC5-57E6-4A60-8AFD-CDCAEC271A3A}"
EndProject
Project("{2150E333-8FDC-42A3-9474-1A3956D46DE8}") = "src", "src", "{33C69FA4-CFEA-480D-924A-37F2190DC20D}"
EndProject
Project("{2150E333-8FDC-42A3-9474-1A3956D46DE8}") = "tests", "tests", "{071FB34B-BD54-4C86-B8EF-E679F81BEDE0}"
EndProject
Project("{9A19103F-16F7-4668-BE54-9A1E7A4F7556}") = "Apworks.Tests", "tests\Apworks.Tests\Apworks.Tests.csproj", "{75CA5898-42D0-4797-BF81-1F9B46CEBC15}"
EndProject
Project("{2150E333-8FDC-42A3-9474-1A3956D46DE8}") = "Solution Items", "Solution Items", "{DA072E38-8593-4669-8DF2-D2C651BFCB6D}"
	ProjectSection(SolutionItems) = preProject
		build-scripts\build.ps1 = build-scripts\build.ps1
		global.json = global.json
		build-scripts\subst_version.sh = build-scripts\subst_version.sh
	EndProjectSection
EndProject
Project("{9A19103F-16F7-4668-BE54-9A1E7A4F7556}") = "Apworks.Repositories.MongoDB", "src\Apworks.Repositories.MongoDB\Apworks.Repositories.MongoDB.csproj", "{A712C353-CDD1-4481-BE50-F1A85BFE6875}"
EndProject
Project("{9A19103F-16F7-4668-BE54-9A1E7A4F7556}") = "Apworks.Integration.AspNetCore", "src\Apworks.Integration.AspNetCore\Apworks.Integration.AspNetCore.csproj", "{9C80A8BA-4BA4-4772-9F56-B9C860C32941}"
EndProject
Project("{9A19103F-16F7-4668-BE54-9A1E7A4F7556}") = "Apworks.Repositories.Dictionary", "src\Apworks.Repositories.Dictionary\Apworks.Repositories.Dictionary.csproj", "{D25157CF-2797-46B3-8B0F-83B744559EC5}"
EndProject
Project("{FAE04EC0-301F-11D3-BF4B-00C04F79EFBC}") = "Apworks.Repositories.EntityFramework", "src\Apworks.Repositories.EntityFramework\Apworks.Repositories.EntityFramework.csproj", "{430DB685-ADEB-42C3-B06A-0D06E9A25A57}"
EndProject
Global
	GlobalSection(SolutionConfigurationPlatforms) = preSolution
		Debug|Any CPU = Debug|Any CPU
		Release|Any CPU = Release|Any CPU
	EndGlobalSection
	GlobalSection(ProjectConfigurationPlatforms) = postSolution
		{9D0B1FC5-57E6-4A60-8AFD-CDCAEC271A3A}.Debug|Any CPU.ActiveCfg = Debug|Any CPU
		{9D0B1FC5-57E6-4A60-8AFD-CDCAEC271A3A}.Debug|Any CPU.Build.0 = Debug|Any CPU
		{9D0B1FC5-57E6-4A60-8AFD-CDCAEC271A3A}.Release|Any CPU.ActiveCfg = Release|Any CPU
		{9D0B1FC5-57E6-4A60-8AFD-CDCAEC271A3A}.Release|Any CPU.Build.0 = Release|Any CPU
		{75CA5898-42D0-4797-BF81-1F9B46CEBC15}.Debug|Any CPU.ActiveCfg = Debug|Any CPU
		{75CA5898-42D0-4797-BF81-1F9B46CEBC15}.Debug|Any CPU.Build.0 = Debug|Any CPU
		{75CA5898-42D0-4797-BF81-1F9B46CEBC15}.Release|Any CPU.ActiveCfg = Release|Any CPU
		{75CA5898-42D0-4797-BF81-1F9B46CEBC15}.Release|Any CPU.Build.0 = Release|Any CPU
		{A712C353-CDD1-4481-BE50-F1A85BFE6875}.Debug|Any CPU.ActiveCfg = Debug|Any CPU
		{A712C353-CDD1-4481-BE50-F1A85BFE6875}.Debug|Any CPU.Build.0 = Debug|Any CPU
		{A712C353-CDD1-4481-BE50-F1A85BFE6875}.Release|Any CPU.ActiveCfg = Release|Any CPU
		{A712C353-CDD1-4481-BE50-F1A85BFE6875}.Release|Any CPU.Build.0 = Release|Any CPU
		{9C80A8BA-4BA4-4772-9F56-B9C860C32941}.Debug|Any CPU.ActiveCfg = Debug|Any CPU
		{9C80A8BA-4BA4-4772-9F56-B9C860C32941}.Debug|Any CPU.Build.0 = Debug|Any CPU
		{9C80A8BA-4BA4-4772-9F56-B9C860C32941}.Release|Any CPU.ActiveCfg = Release|Any CPU
		{9C80A8BA-4BA4-4772-9F56-B9C860C32941}.Release|Any CPU.Build.0 = Release|Any CPU
		{D25157CF-2797-46B3-8B0F-83B744559EC5}.Debug|Any CPU.ActiveCfg = Debug|Any CPU
		{D25157CF-2797-46B3-8B0F-83B744559EC5}.Debug|Any CPU.Build.0 = Debug|Any CPU
		{D25157CF-2797-46B3-8B0F-83B744559EC5}.Release|Any CPU.ActiveCfg = Release|Any CPU
		{D25157CF-2797-46B3-8B0F-83B744559EC5}.Release|Any CPU.Build.0 = Release|Any CPU
		{430DB685-ADEB-42C3-B06A-0D06E9A25A57}.Debug|Any CPU.ActiveCfg = Debug|Any CPU
		{430DB685-ADEB-42C3-B06A-0D06E9A25A57}.Debug|Any CPU.Build.0 = Debug|Any CPU
		{430DB685-ADEB-42C3-B06A-0D06E9A25A57}.Release|Any CPU.ActiveCfg = Release|Any CPU
		{430DB685-ADEB-42C3-B06A-0D06E9A25A57}.Release|Any CPU.Build.0 = Release|Any CPU
	EndGlobalSection
	GlobalSection(SolutionProperties) = preSolution
		HideSolutionNode = FALSE
	EndGlobalSection
	GlobalSection(NestedProjects) = preSolution
		{9D0B1FC5-57E6-4A60-8AFD-CDCAEC271A3A} = {33C69FA4-CFEA-480D-924A-37F2190DC20D}
		{75CA5898-42D0-4797-BF81-1F9B46CEBC15} = {071FB34B-BD54-4C86-B8EF-E679F81BEDE0}
		{A712C353-CDD1-4481-BE50-F1A85BFE6875} = {33C69FA4-CFEA-480D-924A-37F2190DC20D}
		{9C80A8BA-4BA4-4772-9F56-B9C860C32941} = {33C69FA4-CFEA-480D-924A-37F2190DC20D}
		{D25157CF-2797-46B3-8B0F-83B744559EC5} = {33C69FA4-CFEA-480D-924A-37F2190DC20D}
		{430DB685-ADEB-42C3-B06A-0D06E9A25A57} = {33C69FA4-CFEA-480D-924A-37F2190DC20D}
	EndGlobalSection
EndGlobal
