
Microsoft Visual Studio Solution File, Format Version 12.00
# Visual Studio Version 16
VisualStudioVersion = 16.0.28922.388
MinimumVisualStudioVersion = 10.0.40219.1
Project("{2150E333-8FDC-42A3-9474-1A3956D46DE8}") = "src", "src", "{33C69FA4-CFEA-480D-924A-37F2190DC20D}"
EndProject
Project("{2150E333-8FDC-42A3-9474-1A3956D46DE8}") = "tests", "tests", "{071FB34B-BD54-4C86-B8EF-E679F81BEDE0}"
EndProject
Project("{2150E333-8FDC-42A3-9474-1A3956D46DE8}") = "Solution Items", "Solution Items", "{DA072E38-8593-4669-8DF2-D2C651BFCB6D}"
	ProjectSection(SolutionItems) = preProject
		build-scripts\build.ps1 = build-scripts\build.ps1
		scripts\int-env\docker-compose.yml = scripts\int-env\docker-compose.yml
		global.json = global.json
		build-scripts\init-itest-env.sh = build-scripts\init-itest-env.sh
	EndProjectSection
EndProject
Project("{9A19103F-16F7-4668-BE54-9A1E7A4F7556}") = "Apworks", "src\Apworks\Apworks.csproj", "{BC7999B7-D1D7-4679-9FC6-F35384E3DF40}"
EndProject
Project("{9A19103F-16F7-4668-BE54-9A1E7A4F7556}") = "Apworks.EventStore.Simple", "src\Apworks.EventStore.Simple\Apworks.EventStore.Simple.csproj", "{A76283B8-8EED-4CE4-8167-8A43533CCA1D}"
EndProject
Project("{9A19103F-16F7-4668-BE54-9A1E7A4F7556}") = "Apworks.EventStore.AdoNet", "src\Apworks.EventStore.AdoNet\Apworks.EventStore.AdoNet.csproj", "{82B9A9E0-ADD5-4CB5-A4A7-8AA306201C1F}"
EndProject
Project("{9A19103F-16F7-4668-BE54-9A1E7A4F7556}") = "Apworks.EventStore.PostgreSQL", "src\Apworks.EventStore.PostgreSQL\Apworks.EventStore.PostgreSQL.csproj", "{20344070-7AFD-4EA8-BE11-B2700C38647E}"
EndProject
Project("{9A19103F-16F7-4668-BE54-9A1E7A4F7556}") = "Apworks.EventStore.SQLServer", "src\Apworks.EventStore.SQLServer\Apworks.EventStore.SQLServer.csproj", "{DC3EA1DE-E5FE-4535-8C90-A1B9881813CC}"
EndProject
Project("{9A19103F-16F7-4668-BE54-9A1E7A4F7556}") = "Apworks.Integration.AspNetCore", "src\Apworks.Integration.AspNetCore\Apworks.Integration.AspNetCore.csproj", "{8270501D-7878-4BDE-B9A7-C70C24D45E4A}"
EndProject
Project("{9A19103F-16F7-4668-BE54-9A1E7A4F7556}") = "Apworks.Querying.Parsers.Irony", "src\Apworks.Querying.Parsers.Irony\Apworks.Querying.Parsers.Irony.csproj", "{B121FD5A-2EFB-4219-A5CA-A6ABB26D0E99}"
EndProject
Project("{FAE04EC0-301F-11D3-BF4B-00C04F79EFBC}") = "Apworks.Messaging.Simple", "src\Apworks.Messaging.Simple\Apworks.Messaging.Simple.csproj", "{11587A22-A525-4CBA-8954-2E3CB2704FF1}"
EndProject
Project("{FAE04EC0-301F-11D3-BF4B-00C04F79EFBC}") = "Apworks.Messaging.RabbitMQ", "src\Apworks.Messaging.RabbitMQ\Apworks.Messaging.RabbitMQ.csproj", "{86DF1F09-4F33-49AF-B25D-520478FC95BA}"
EndProject
Project("{FAE04EC0-301F-11D3-BF4B-00C04F79EFBC}") = "Apworks.Serialization.Json", "src\Apworks.Serialization.Json\Apworks.Serialization.Json.csproj", "{27B6A3C2-37F1-42C6-851F-C97B75EE01D5}"
EndProject
Project("{FAE04EC0-301F-11D3-BF4B-00C04F79EFBC}") = "Apworks.Repositories.Simple", "src\Apworks.Repositories.Simple\Apworks.Repositories.Simple.csproj", "{76E03125-C15A-4826-9AFB-C8860AF11AEF}"
EndProject
Project("{FAE04EC0-301F-11D3-BF4B-00C04F79EFBC}") = "Apworks.Repositories.MongoDB", "src\Apworks.Repositories.MongoDB\Apworks.Repositories.MongoDB.csproj", "{F8D312DE-B605-4BF1-89BD-DD60291C5760}"
EndProject
Project("{FAE04EC0-301F-11D3-BF4B-00C04F79EFBC}") = "Apworks.Repositories.EntityFramework", "src\Apworks.Repositories.EntityFramework\Apworks.Repositories.EntityFramework.csproj", "{8C6B9381-98B3-48F7-8CD2-409F93BD6F25}"
EndProject
Project("{FAE04EC0-301F-11D3-BF4B-00C04F79EFBC}") = "Apworks.Tests", "tests\Apworks.Tests\Apworks.Tests.csproj", "{903D54C3-9557-4153-8901-A90CE1E0A73E}"
EndProject
Project("{FAE04EC0-301F-11D3-BF4B-00C04F79EFBC}") = "Apworks.Tests.Integration", "tests\Apworks.Tests.Integration\Apworks.Tests.Integration.csproj", "{1281EDB6-12B4-4E12-A6C5-E9FD325D0233}"
EndProject
Global
	GlobalSection(SolutionConfigurationPlatforms) = preSolution
		Debug|Any CPU = Debug|Any CPU
		Release|Any CPU = Release|Any CPU
	EndGlobalSection
	GlobalSection(ProjectConfigurationPlatforms) = postSolution
		{BC7999B7-D1D7-4679-9FC6-F35384E3DF40}.Debug|Any CPU.ActiveCfg = Debug|Any CPU
		{BC7999B7-D1D7-4679-9FC6-F35384E3DF40}.Debug|Any CPU.Build.0 = Debug|Any CPU
		{BC7999B7-D1D7-4679-9FC6-F35384E3DF40}.Release|Any CPU.ActiveCfg = Release|Any CPU
		{BC7999B7-D1D7-4679-9FC6-F35384E3DF40}.Release|Any CPU.Build.0 = Release|Any CPU
		{A76283B8-8EED-4CE4-8167-8A43533CCA1D}.Debug|Any CPU.ActiveCfg = Debug|Any CPU
		{A76283B8-8EED-4CE4-8167-8A43533CCA1D}.Debug|Any CPU.Build.0 = Debug|Any CPU
		{A76283B8-8EED-4CE4-8167-8A43533CCA1D}.Release|Any CPU.ActiveCfg = Release|Any CPU
		{A76283B8-8EED-4CE4-8167-8A43533CCA1D}.Release|Any CPU.Build.0 = Release|Any CPU
		{82B9A9E0-ADD5-4CB5-A4A7-8AA306201C1F}.Debug|Any CPU.ActiveCfg = Debug|Any CPU
		{82B9A9E0-ADD5-4CB5-A4A7-8AA306201C1F}.Debug|Any CPU.Build.0 = Debug|Any CPU
		{82B9A9E0-ADD5-4CB5-A4A7-8AA306201C1F}.Release|Any CPU.ActiveCfg = Release|Any CPU
		{82B9A9E0-ADD5-4CB5-A4A7-8AA306201C1F}.Release|Any CPU.Build.0 = Release|Any CPU
		{20344070-7AFD-4EA8-BE11-B2700C38647E}.Debug|Any CPU.ActiveCfg = Debug|Any CPU
		{20344070-7AFD-4EA8-BE11-B2700C38647E}.Debug|Any CPU.Build.0 = Debug|Any CPU
		{20344070-7AFD-4EA8-BE11-B2700C38647E}.Release|Any CPU.ActiveCfg = Release|Any CPU
		{20344070-7AFD-4EA8-BE11-B2700C38647E}.Release|Any CPU.Build.0 = Release|Any CPU
		{DC3EA1DE-E5FE-4535-8C90-A1B9881813CC}.Debug|Any CPU.ActiveCfg = Debug|Any CPU
		{DC3EA1DE-E5FE-4535-8C90-A1B9881813CC}.Debug|Any CPU.Build.0 = Debug|Any CPU
		{DC3EA1DE-E5FE-4535-8C90-A1B9881813CC}.Release|Any CPU.ActiveCfg = Release|Any CPU
		{DC3EA1DE-E5FE-4535-8C90-A1B9881813CC}.Release|Any CPU.Build.0 = Release|Any CPU
		{8270501D-7878-4BDE-B9A7-C70C24D45E4A}.Debug|Any CPU.ActiveCfg = Debug|Any CPU
		{8270501D-7878-4BDE-B9A7-C70C24D45E4A}.Debug|Any CPU.Build.0 = Debug|Any CPU
		{8270501D-7878-4BDE-B9A7-C70C24D45E4A}.Release|Any CPU.ActiveCfg = Release|Any CPU
		{8270501D-7878-4BDE-B9A7-C70C24D45E4A}.Release|Any CPU.Build.0 = Release|Any CPU
		{B121FD5A-2EFB-4219-A5CA-A6ABB26D0E99}.Debug|Any CPU.ActiveCfg = Debug|Any CPU
		{B121FD5A-2EFB-4219-A5CA-A6ABB26D0E99}.Debug|Any CPU.Build.0 = Debug|Any CPU
		{B121FD5A-2EFB-4219-A5CA-A6ABB26D0E99}.Release|Any CPU.ActiveCfg = Release|Any CPU
		{B121FD5A-2EFB-4219-A5CA-A6ABB26D0E99}.Release|Any CPU.Build.0 = Release|Any CPU
		{11587A22-A525-4CBA-8954-2E3CB2704FF1}.Debug|Any CPU.ActiveCfg = Debug|Any CPU
		{11587A22-A525-4CBA-8954-2E3CB2704FF1}.Debug|Any CPU.Build.0 = Debug|Any CPU
		{11587A22-A525-4CBA-8954-2E3CB2704FF1}.Release|Any CPU.ActiveCfg = Release|Any CPU
		{11587A22-A525-4CBA-8954-2E3CB2704FF1}.Release|Any CPU.Build.0 = Release|Any CPU
		{86DF1F09-4F33-49AF-B25D-520478FC95BA}.Debug|Any CPU.ActiveCfg = Debug|Any CPU
		{86DF1F09-4F33-49AF-B25D-520478FC95BA}.Debug|Any CPU.Build.0 = Debug|Any CPU
		{86DF1F09-4F33-49AF-B25D-520478FC95BA}.Release|Any CPU.ActiveCfg = Release|Any CPU
		{86DF1F09-4F33-49AF-B25D-520478FC95BA}.Release|Any CPU.Build.0 = Release|Any CPU
		{27B6A3C2-37F1-42C6-851F-C97B75EE01D5}.Debug|Any CPU.ActiveCfg = Debug|Any CPU
		{27B6A3C2-37F1-42C6-851F-C97B75EE01D5}.Debug|Any CPU.Build.0 = Debug|Any CPU
		{27B6A3C2-37F1-42C6-851F-C97B75EE01D5}.Release|Any CPU.ActiveCfg = Release|Any CPU
		{27B6A3C2-37F1-42C6-851F-C97B75EE01D5}.Release|Any CPU.Build.0 = Release|Any CPU
		{76E03125-C15A-4826-9AFB-C8860AF11AEF}.Debug|Any CPU.ActiveCfg = Debug|Any CPU
		{76E03125-C15A-4826-9AFB-C8860AF11AEF}.Debug|Any CPU.Build.0 = Debug|Any CPU
		{76E03125-C15A-4826-9AFB-C8860AF11AEF}.Release|Any CPU.ActiveCfg = Release|Any CPU
		{76E03125-C15A-4826-9AFB-C8860AF11AEF}.Release|Any CPU.Build.0 = Release|Any CPU
		{F8D312DE-B605-4BF1-89BD-DD60291C5760}.Debug|Any CPU.ActiveCfg = Debug|Any CPU
		{F8D312DE-B605-4BF1-89BD-DD60291C5760}.Debug|Any CPU.Build.0 = Debug|Any CPU
		{F8D312DE-B605-4BF1-89BD-DD60291C5760}.Release|Any CPU.ActiveCfg = Release|Any CPU
		{F8D312DE-B605-4BF1-89BD-DD60291C5760}.Release|Any CPU.Build.0 = Release|Any CPU
		{8C6B9381-98B3-48F7-8CD2-409F93BD6F25}.Debug|Any CPU.ActiveCfg = Debug|Any CPU
		{8C6B9381-98B3-48F7-8CD2-409F93BD6F25}.Debug|Any CPU.Build.0 = Debug|Any CPU
		{8C6B9381-98B3-48F7-8CD2-409F93BD6F25}.Release|Any CPU.ActiveCfg = Release|Any CPU
		{8C6B9381-98B3-48F7-8CD2-409F93BD6F25}.Release|Any CPU.Build.0 = Release|Any CPU
		{903D54C3-9557-4153-8901-A90CE1E0A73E}.Debug|Any CPU.ActiveCfg = Debug|Any CPU
		{903D54C3-9557-4153-8901-A90CE1E0A73E}.Debug|Any CPU.Build.0 = Debug|Any CPU
		{903D54C3-9557-4153-8901-A90CE1E0A73E}.Release|Any CPU.ActiveCfg = Release|Any CPU
		{903D54C3-9557-4153-8901-A90CE1E0A73E}.Release|Any CPU.Build.0 = Release|Any CPU
		{1281EDB6-12B4-4E12-A6C5-E9FD325D0233}.Debug|Any CPU.ActiveCfg = Debug|Any CPU
		{1281EDB6-12B4-4E12-A6C5-E9FD325D0233}.Debug|Any CPU.Build.0 = Debug|Any CPU
		{1281EDB6-12B4-4E12-A6C5-E9FD325D0233}.Release|Any CPU.ActiveCfg = Release|Any CPU
		{1281EDB6-12B4-4E12-A6C5-E9FD325D0233}.Release|Any CPU.Build.0 = Release|Any CPU
	EndGlobalSection
	GlobalSection(SolutionProperties) = preSolution
		HideSolutionNode = FALSE
	EndGlobalSection
	GlobalSection(NestedProjects) = preSolution
		{BC7999B7-D1D7-4679-9FC6-F35384E3DF40} = {33C69FA4-CFEA-480D-924A-37F2190DC20D}
		{A76283B8-8EED-4CE4-8167-8A43533CCA1D} = {33C69FA4-CFEA-480D-924A-37F2190DC20D}
		{82B9A9E0-ADD5-4CB5-A4A7-8AA306201C1F} = {33C69FA4-CFEA-480D-924A-37F2190DC20D}
		{20344070-7AFD-4EA8-BE11-B2700C38647E} = {33C69FA4-CFEA-480D-924A-37F2190DC20D}
		{DC3EA1DE-E5FE-4535-8C90-A1B9881813CC} = {33C69FA4-CFEA-480D-924A-37F2190DC20D}
		{8270501D-7878-4BDE-B9A7-C70C24D45E4A} = {33C69FA4-CFEA-480D-924A-37F2190DC20D}
		{B121FD5A-2EFB-4219-A5CA-A6ABB26D0E99} = {33C69FA4-CFEA-480D-924A-37F2190DC20D}
		{11587A22-A525-4CBA-8954-2E3CB2704FF1} = {33C69FA4-CFEA-480D-924A-37F2190DC20D}
		{86DF1F09-4F33-49AF-B25D-520478FC95BA} = {33C69FA4-CFEA-480D-924A-37F2190DC20D}
		{27B6A3C2-37F1-42C6-851F-C97B75EE01D5} = {33C69FA4-CFEA-480D-924A-37F2190DC20D}
		{76E03125-C15A-4826-9AFB-C8860AF11AEF} = {33C69FA4-CFEA-480D-924A-37F2190DC20D}
		{F8D312DE-B605-4BF1-89BD-DD60291C5760} = {33C69FA4-CFEA-480D-924A-37F2190DC20D}
		{8C6B9381-98B3-48F7-8CD2-409F93BD6F25} = {33C69FA4-CFEA-480D-924A-37F2190DC20D}
		{903D54C3-9557-4153-8901-A90CE1E0A73E} = {071FB34B-BD54-4C86-B8EF-E679F81BEDE0}
		{1281EDB6-12B4-4E12-A6C5-E9FD325D0233} = {071FB34B-BD54-4C86-B8EF-E679F81BEDE0}
	EndGlobalSection
	GlobalSection(ExtensibilityGlobals) = postSolution
		SolutionGuid = {4B26F4F2-C673-4523-AAF3-6FBC5A84C2D9}
	EndGlobalSection
EndGlobal
